
Microsoft Visual Studio Solution File, Format Version 12.00
# Visual Studio Version 17
VisualStudioVersion = 17.9.34622.214
MinimumVisualStudioVersion = 10.0.40219.1
Project("{FAE04EC0-301F-11D3-BF4B-00C04F79EFBC}") = "OOP Movie App", "OOP Movie App.csproj", "{C70B28FC-DF32-49CD-ADD1-FA057F024D37}"
EndProject
Global
	GlobalSection(SolutionConfigurationPlatforms) = preSolution
		Debug|Any CPU = Debug|Any CPU
		Release|Any CPU = Release|Any CPU
	EndGlobalSection
	GlobalSection(ProjectConfigurationPlatforms) = postSolution
		{C70B28FC-DF32-49CD-ADD1-FA057F024D37}.Debug|Any CPU.ActiveCfg = Debug|Any CPU
		{C70B28FC-DF32-49CD-ADD1-FA057F024D37}.Debug|Any CPU.Build.0 = Debug|Any CPU
		{C70B28FC-DF32-49CD-ADD1-FA057F024D37}.Release|Any CPU.ActiveCfg = Release|Any CPU
		{C70B28FC-DF32-49CD-ADD1-FA057F024D37}.Release|Any CPU.Build.0 = Release|Any CPU
	EndGlobalSection
	GlobalSection(SolutionProperties) = preSolution
		HideSolutionNode = FALSE
	EndGlobalSection
	GlobalSection(ExtensibilityGlobals) = postSolution
		SolutionGuid = {B7557471-7552-4AC0-B14E-9634F5A4307E}
	EndGlobalSection
EndGlobal
